
Microsoft Visual Studio Solution File, Format Version 12.00
# Visual Studio Version 16
VisualStudioVersion = 16.0.31624.102
MinimumVisualStudioVersion = 10.0.40219.1
Project("{FAE04EC0-301F-11D3-BF4B-00C04F79EFBC}") = "Tuan4_MaiLePhucDat", "Tuan4_MaiLePhucDat\Tuan4_MaiLePhucDat.csproj", "{DDE45691-C339-4965-8CBF-6B2AFC863736}"
EndProject
Global
	GlobalSection(SolutionConfigurationPlatforms) = preSolution
		Debug|Any CPU = Debug|Any CPU
		Release|Any CPU = Release|Any CPU
	EndGlobalSection
	GlobalSection(ProjectConfigurationPlatforms) = postSolution
		{DDE45691-C339-4965-8CBF-6B2AFC863736}.Debug|Any CPU.ActiveCfg = Debug|Any CPU
		{DDE45691-C339-4965-8CBF-6B2AFC863736}.Debug|Any CPU.Build.0 = Debug|Any CPU
		{DDE45691-C339-4965-8CBF-6B2AFC863736}.Release|Any CPU.ActiveCfg = Release|Any CPU
		{DDE45691-C339-4965-8CBF-6B2AFC863736}.Release|Any CPU.Build.0 = Release|Any CPU
	EndGlobalSection
	GlobalSection(SolutionProperties) = preSolution
		HideSolutionNode = FALSE
	EndGlobalSection
	GlobalSection(ExtensibilityGlobals) = postSolution
		SolutionGuid = {ECF7E3FC-5A3D-45B1-9D4B-4CE267037668}
	EndGlobalSection
EndGlobal
